
Microsoft Visual Studio Solution File, Format Version 12.00
# Visual Studio Version 17
VisualStudioVersion = 17.3.32929.385
MinimumVisualStudioVersion = 10.0.40219.1
Project("{FAE04EC0-301F-11D3-BF4B-00C04F79EFBC}") = "SuperHeroes", "SuperHeroes\SuperHeroes.csproj", "{DB1B1CFA-E532-4EE6-8013-42DFC3D9885D}"
EndProject
Global
	GlobalSection(SolutionConfigurationPlatforms) = preSolution
		Debug|Any CPU = Debug|Any CPU
		Release|Any CPU = Release|Any CPU
	EndGlobalSection
	GlobalSection(ProjectConfigurationPlatforms) = postSolution
		{DB1B1CFA-E532-4EE6-8013-42DFC3D9885D}.Debug|Any CPU.ActiveCfg = Debug|Any CPU
		{DB1B1CFA-E532-4EE6-8013-42DFC3D9885D}.Debug|Any CPU.Build.0 = Debug|Any CPU
		{DB1B1CFA-E532-4EE6-8013-42DFC3D9885D}.Release|Any CPU.ActiveCfg = Release|Any CPU
		{DB1B1CFA-E532-4EE6-8013-42DFC3D9885D}.Release|Any CPU.Build.0 = Release|Any CPU
	EndGlobalSection
	GlobalSection(SolutionProperties) = preSolution
		HideSolutionNode = FALSE
	EndGlobalSection
	GlobalSection(ExtensibilityGlobals) = postSolution
		SolutionGuid = {0FD04D29-5276-4B0F-A3E8-9FD1C1187FDC}
	EndGlobalSection
EndGlobal
